
Microsoft Visual Studio Solution File, Format Version 12.00
# Visual Studio Version 17
VisualStudioVersion = 17.12.35728.132
MinimumVisualStudioVersion = 10.0.40219.1
Project("{2150E333-8FDC-42A3-9474-1A3956D46DE8}") = "FrontEnd", "FrontEnd", "{55E43DC1-2B17-41F0-920E-CD971FB11E6A}"
EndProject
Project("{2150E333-8FDC-42A3-9474-1A3956D46DE8}") = "Gateway", "Gateway", "{350E19A2-861C-4E9D-A749-C218CDFF91A2}"
EndProject
Project("{2150E333-8FDC-42A3-9474-1A3956D46DE8}") = "Integration", "Integration", "{1FC8043B-271A-4262-B1C4-F70CAC607B99}"
EndProject
Project("{2150E333-8FDC-42A3-9474-1A3956D46DE8}") = "Services", "Services", "{0784F280-2700-491C-9744-04CB1D20B706}"
EndProject
Project("{FAE04EC0-301F-11D3-BF4B-00C04F79EFBC}") = "Mango.Services.CouponAPI", "Mango.Services.CouponAPI\Mango.Services.CouponAPI.csproj", "{6682E683-B19C-4265-A4E6-8AE67B6B6EE9}"
EndProject
Project("{FAE04EC0-301F-11D3-BF4B-00C04F79EFBC}") = "Mango.Web", "Mango.Web\Mango.Web.csproj", "{A03F7EFE-2CE2-4DCA-915A-8C151F8AF3FA}"
EndProject
Project("{FAE04EC0-301F-11D3-BF4B-00C04F79EFBC}") = "Mango.Services.AuthAPI", "Mango.Services.AuthAPI\Mango.Services.AuthAPI.csproj", "{B1E476B7-1D7B-4409-B53C-2FD3F556F51F}"
EndProject
Project("{FAE04EC0-301F-11D3-BF4B-00C04F79EFBC}") = "Mango.Services.ProductAPI", "Mango.Services.ProductAPI\Mango.Services.ProductAPI.csproj", "{A9BDAE43-5AFA-437B-A9B6-A4F4974FEB99}"
EndProject
Project("{FAE04EC0-301F-11D3-BF4B-00C04F79EFBC}") = "Mango.Services.ShoppingCartAPI", "Mango.Services.ShoppingCartAPI\Mango.Services.ShoppingCartAPI.csproj", "{CA355717-1E75-49D0-B0DB-7302BCC52AB4}"
EndProject
Project("{FAE04EC0-301F-11D3-BF4B-00C04F79EFBC}") = "Mango.MessageBus", "Mango.MessageBus\Mango.MessageBus.csproj", "{17F8AB22-5C3D-4B54-A4D5-7554925A32BF}"
EndProject
Project("{FAE04EC0-301F-11D3-BF4B-00C04F79EFBC}") = "Mango.Services.EmailAPI", "Mango.Services.EmailAPI\Mango.Services.EmailAPI.csproj", "{7D82A7E3-3151-4FF9-8003-70784E449E98}"
EndProject
Project("{FAE04EC0-301F-11D3-BF4B-00C04F79EFBC}") = "Mango.Services.OrderAPI", "Mango.Services.OrderAPI\Mango.Services.OrderAPI.csproj", "{1E070873-DBEB-4B76-8D06-B2F139B5FA98}"
EndProject
Project("{FAE04EC0-301F-11D3-BF4B-00C04F79EFBC}") = "Mango.Services.RewardAPI", "Mango.Services.RewardAPI\Mango.Services.RewardAPI.csproj", "{73F54328-FA16-45E3-826C-4464D237BC30}"
EndProject
Project("{FAE04EC0-301F-11D3-BF4B-00C04F79EFBC}") = "Mango.GatewaySolution", "Mango.GatewaySolution\Mango.GatewaySolution.csproj", "{A2AD4825-439E-4FA8-B13B-F69D145F4466}"
EndProject
Global
	GlobalSection(SolutionConfigurationPlatforms) = preSolution
		Debug|Any CPU = Debug|Any CPU
		Release|Any CPU = Release|Any CPU
	EndGlobalSection
	GlobalSection(ProjectConfigurationPlatforms) = postSolution
		{6682E683-B19C-4265-A4E6-8AE67B6B6EE9}.Debug|Any CPU.ActiveCfg = Debug|Any CPU
		{6682E683-B19C-4265-A4E6-8AE67B6B6EE9}.Debug|Any CPU.Build.0 = Debug|Any CPU
		{6682E683-B19C-4265-A4E6-8AE67B6B6EE9}.Release|Any CPU.ActiveCfg = Release|Any CPU
		{6682E683-B19C-4265-A4E6-8AE67B6B6EE9}.Release|Any CPU.Build.0 = Release|Any CPU
		{A03F7EFE-2CE2-4DCA-915A-8C151F8AF3FA}.Debug|Any CPU.ActiveCfg = Debug|Any CPU
		{A03F7EFE-2CE2-4DCA-915A-8C151F8AF3FA}.Debug|Any CPU.Build.0 = Debug|Any CPU
		{A03F7EFE-2CE2-4DCA-915A-8C151F8AF3FA}.Release|Any CPU.ActiveCfg = Release|Any CPU
		{A03F7EFE-2CE2-4DCA-915A-8C151F8AF3FA}.Release|Any CPU.Build.0 = Release|Any CPU
		{B1E476B7-1D7B-4409-B53C-2FD3F556F51F}.Debug|Any CPU.ActiveCfg = Debug|Any CPU
		{B1E476B7-1D7B-4409-B53C-2FD3F556F51F}.Debug|Any CPU.Build.0 = Debug|Any CPU
		{B1E476B7-1D7B-4409-B53C-2FD3F556F51F}.Release|Any CPU.ActiveCfg = Release|Any CPU
		{B1E476B7-1D7B-4409-B53C-2FD3F556F51F}.Release|Any CPU.Build.0 = Release|Any CPU
		{A9BDAE43-5AFA-437B-A9B6-A4F4974FEB99}.Debug|Any CPU.ActiveCfg = Debug|Any CPU
		{A9BDAE43-5AFA-437B-A9B6-A4F4974FEB99}.Debug|Any CPU.Build.0 = Debug|Any CPU
		{A9BDAE43-5AFA-437B-A9B6-A4F4974FEB99}.Release|Any CPU.ActiveCfg = Release|Any CPU
		{A9BDAE43-5AFA-437B-A9B6-A4F4974FEB99}.Release|Any CPU.Build.0 = Release|Any CPU
		{CA355717-1E75-49D0-B0DB-7302BCC52AB4}.Debug|Any CPU.ActiveCfg = Debug|Any CPU
		{CA355717-1E75-49D0-B0DB-7302BCC52AB4}.Debug|Any CPU.Build.0 = Debug|Any CPU
		{CA355717-1E75-49D0-B0DB-7302BCC52AB4}.Release|Any CPU.ActiveCfg = Release|Any CPU
		{CA355717-1E75-49D0-B0DB-7302BCC52AB4}.Release|Any CPU.Build.0 = Release|Any CPU
		{17F8AB22-5C3D-4B54-A4D5-7554925A32BF}.Debug|Any CPU.ActiveCfg = Debug|Any CPU
		{17F8AB22-5C3D-4B54-A4D5-7554925A32BF}.Debug|Any CPU.Build.0 = Debug|Any CPU
		{17F8AB22-5C3D-4B54-A4D5-7554925A32BF}.Release|Any CPU.ActiveCfg = Release|Any CPU
		{17F8AB22-5C3D-4B54-A4D5-7554925A32BF}.Release|Any CPU.Build.0 = Release|Any CPU
		{7D82A7E3-3151-4FF9-8003-70784E449E98}.Debug|Any CPU.ActiveCfg = Debug|Any CPU
		{7D82A7E3-3151-4FF9-8003-70784E449E98}.Debug|Any CPU.Build.0 = Debug|Any CPU
		{7D82A7E3-3151-4FF9-8003-70784E449E98}.Release|Any CPU.ActiveCfg = Release|Any CPU
		{7D82A7E3-3151-4FF9-8003-70784E449E98}.Release|Any CPU.Build.0 = Release|Any CPU
		{1E070873-DBEB-4B76-8D06-B2F139B5FA98}.Debug|Any CPU.ActiveCfg = Debug|Any CPU
		{1E070873-DBEB-4B76-8D06-B2F139B5FA98}.Debug|Any CPU.Build.0 = Debug|Any CPU
		{1E070873-DBEB-4B76-8D06-B2F139B5FA98}.Release|Any CPU.ActiveCfg = Release|Any CPU
		{1E070873-DBEB-4B76-8D06-B2F139B5FA98}.Release|Any CPU.Build.0 = Release|Any CPU
		{73F54328-FA16-45E3-826C-4464D237BC30}.Debug|Any CPU.ActiveCfg = Debug|Any CPU
		{73F54328-FA16-45E3-826C-4464D237BC30}.Debug|Any CPU.Build.0 = Debug|Any CPU
		{73F54328-FA16-45E3-826C-4464D237BC30}.Release|Any CPU.ActiveCfg = Release|Any CPU
		{73F54328-FA16-45E3-826C-4464D237BC30}.Release|Any CPU.Build.0 = Release|Any CPU
		{A2AD4825-439E-4FA8-B13B-F69D145F4466}.Debug|Any CPU.ActiveCfg = Debug|Any CPU
		{A2AD4825-439E-4FA8-B13B-F69D145F4466}.Debug|Any CPU.Build.0 = Debug|Any CPU
		{A2AD4825-439E-4FA8-B13B-F69D145F4466}.Release|Any CPU.ActiveCfg = Release|Any CPU
		{A2AD4825-439E-4FA8-B13B-F69D145F4466}.Release|Any CPU.Build.0 = Release|Any CPU
	EndGlobalSection
	GlobalSection(SolutionProperties) = preSolution
		HideSolutionNode = FALSE
	EndGlobalSection
	GlobalSection(NestedProjects) = preSolution
		{6682E683-B19C-4265-A4E6-8AE67B6B6EE9} = {0784F280-2700-491C-9744-04CB1D20B706}
		{A03F7EFE-2CE2-4DCA-915A-8C151F8AF3FA} = {55E43DC1-2B17-41F0-920E-CD971FB11E6A}
		{B1E476B7-1D7B-4409-B53C-2FD3F556F51F} = {0784F280-2700-491C-9744-04CB1D20B706}
		{A9BDAE43-5AFA-437B-A9B6-A4F4974FEB99} = {0784F280-2700-491C-9744-04CB1D20B706}
		{CA355717-1E75-49D0-B0DB-7302BCC52AB4} = {0784F280-2700-491C-9744-04CB1D20B706}
		{17F8AB22-5C3D-4B54-A4D5-7554925A32BF} = {1FC8043B-271A-4262-B1C4-F70CAC607B99}
		{7D82A7E3-3151-4FF9-8003-70784E449E98} = {0784F280-2700-491C-9744-04CB1D20B706}
		{1E070873-DBEB-4B76-8D06-B2F139B5FA98} = {0784F280-2700-491C-9744-04CB1D20B706}
		{73F54328-FA16-45E3-826C-4464D237BC30} = {0784F280-2700-491C-9744-04CB1D20B706}
		{A2AD4825-439E-4FA8-B13B-F69D145F4466} = {350E19A2-861C-4E9D-A749-C218CDFF91A2}
	EndGlobalSection
EndGlobal
